github.com/plugin-ops/common v0.0.0-20220216022200-89b27f9da30f h1:IVTt2sYCVR5wmmuiAik+HlrCgss7rvx/bx3GRQs1dJU=
github.com/plugin-ops/common v0.0.0-20220216022200-89b27f9da30f/go.mod h1:a9k2ZUTvq8lFumE2631yZPLRgagUoRaLZURf2hrARm8=
github.com/plugin-ops/common v0.0.0-20220216031835-f3fce2becdc4 h1:bvx0j5XFc7TgKl4xwwCDICv02mENRPM3DyI5wYIQcjM=
github.com/plugin-ops/common v0.0.0-20220216031835-f3fce2becdc4/go.mod h1:a9k2ZUTvq8lFumE2631yZPLRgagUoRaLZURf2hrARm8=
